
Microsoft Visual Studio Solution File, Format Version 12.00
# Visual Studio Version 16
VisualStudioVersion = 16.0.29728.190
MinimumVisualStudioVersion = 10.0.40219.1
Project("{2150E333-8FDC-42A3-9474-1A3956D46DE8}") = "ApiGateways", "ApiGateways", "{55812DA6-F864-46A2-BB26-75FDD316109B}"
EndProject
Project("{2150E333-8FDC-42A3-9474-1A3956D46DE8}") = "Services", "Services", "{BF486FD4-2E21-40C9-8B4A-E4E55695DDDC}"
EndProject
Project("{9A19103F-16F7-4668-BE54-9A1E7A4F7556}") = "Ocelot.ApiGateway", "ApiGateways\Ocelot.ApiGateway\Ocelot.ApiGateway.csproj", "{6CDB4F60-8A4B-413F-8E8F-7E413F8A49CF}"
EndProject
Project("{9A19103F-16F7-4668-BE54-9A1E7A4F7556}") = "Users.Api", "Services\Users\Users.Api\Users.Api.csproj", "{C72E06D9-1606-4298-9CCF-3BFF22D3ABA0}"
EndProject
Project("{2150E333-8FDC-42A3-9474-1A3956D46DE8}") = "Users", "Users", "{706A43D8-1424-47F0-A6E9-6FCC3E58EF79}"
EndProject
Project("{9A19103F-16F7-4668-BE54-9A1E7A4F7556}") = "Users.Domain", "Services\Users\Users.Domain\Users.Domain.csproj", "{82958C01-4DAD-4DBA-A8F4-1CB9E2D0874F}"
EndProject
Project("{9A19103F-16F7-4668-BE54-9A1E7A4F7556}") = "Users.Dal", "Services\Users\Users.Dal\Users.Dal.csproj", "{45EC69B3-74B6-4AA6-926D-D4F50DF2101F}"
EndProject
Project("{E53339B2-1760-4266-BCC7-CA923CBCF16C}") = "docker-compose", "docker-compose.dcproj", "{F5A2D8BD-8DB2-4D9D-A0E5-83866DCD26FE}"
EndProject
Project("{2150E333-8FDC-42A3-9474-1A3956D46DE8}") = "Routes", "Routes", "{3991DEFF-FADE-4F57-A1DA-9C222D88D22C}"
EndProject
Project("{9A19103F-16F7-4668-BE54-9A1E7A4F7556}") = "Routes.Api", "Services\Routes\Routes.Api\Routes.Api.csproj", "{FD74CDD9-1E56-4611-92BE-EFDB9CB90E6E}"
EndProject
Project("{9A19103F-16F7-4668-BE54-9A1E7A4F7556}") = "Routes.Domain", "Services\Routes\Routes.Domain\Routes.Domain.csproj", "{6BC09B6D-1FEA-4BE9-9316-7A2C03FFD6E5}"
EndProject
Project("{9A19103F-16F7-4668-BE54-9A1E7A4F7556}") = "Routes.Dal", "Services\Routes\Routes.Dal\Routes.Dal.csproj", "{AB3159DD-8EF9-42C4-BAA8-E42C32A3206F}"
EndProject
Global
	GlobalSection(SolutionConfigurationPlatforms) = preSolution
		Debug|Any CPU = Debug|Any CPU
		Release|Any CPU = Release|Any CPU
	EndGlobalSection
	GlobalSection(ProjectConfigurationPlatforms) = postSolution
		{6CDB4F60-8A4B-413F-8E8F-7E413F8A49CF}.Debug|Any CPU.ActiveCfg = Debug|Any CPU
		{6CDB4F60-8A4B-413F-8E8F-7E413F8A49CF}.Debug|Any CPU.Build.0 = Debug|Any CPU
		{6CDB4F60-8A4B-413F-8E8F-7E413F8A49CF}.Release|Any CPU.ActiveCfg = Release|Any CPU
		{6CDB4F60-8A4B-413F-8E8F-7E413F8A49CF}.Release|Any CPU.Build.0 = Release|Any CPU
		{C72E06D9-1606-4298-9CCF-3BFF22D3ABA0}.Debug|Any CPU.ActiveCfg = Debug|Any CPU
		{C72E06D9-1606-4298-9CCF-3BFF22D3ABA0}.Debug|Any CPU.Build.0 = Debug|Any CPU
		{C72E06D9-1606-4298-9CCF-3BFF22D3ABA0}.Release|Any CPU.ActiveCfg = Release|Any CPU
		{C72E06D9-1606-4298-9CCF-3BFF22D3ABA0}.Release|Any CPU.Build.0 = Release|Any CPU
		{82958C01-4DAD-4DBA-A8F4-1CB9E2D0874F}.Debug|Any CPU.ActiveCfg = Debug|Any CPU
		{82958C01-4DAD-4DBA-A8F4-1CB9E2D0874F}.Debug|Any CPU.Build.0 = Debug|Any CPU
		{82958C01-4DAD-4DBA-A8F4-1CB9E2D0874F}.Release|Any CPU.ActiveCfg = Release|Any CPU
		{82958C01-4DAD-4DBA-A8F4-1CB9E2D0874F}.Release|Any CPU.Build.0 = Release|Any CPU
		{45EC69B3-74B6-4AA6-926D-D4F50DF2101F}.Debug|Any CPU.ActiveCfg = Debug|Any CPU
		{45EC69B3-74B6-4AA6-926D-D4F50DF2101F}.Debug|Any CPU.Build.0 = Debug|Any CPU
		{45EC69B3-74B6-4AA6-926D-D4F50DF2101F}.Release|Any CPU.ActiveCfg = Release|Any CPU
		{45EC69B3-74B6-4AA6-926D-D4F50DF2101F}.Release|Any CPU.Build.0 = Release|Any CPU
		{F5A2D8BD-8DB2-4D9D-A0E5-83866DCD26FE}.Debug|Any CPU.ActiveCfg = Debug|Any CPU
		{F5A2D8BD-8DB2-4D9D-A0E5-83866DCD26FE}.Debug|Any CPU.Build.0 = Debug|Any CPU
		{F5A2D8BD-8DB2-4D9D-A0E5-83866DCD26FE}.Release|Any CPU.ActiveCfg = Release|Any CPU
		{F5A2D8BD-8DB2-4D9D-A0E5-83866DCD26FE}.Release|Any CPU.Build.0 = Release|Any CPU
		{FD74CDD9-1E56-4611-92BE-EFDB9CB90E6E}.Debug|Any CPU.ActiveCfg = Debug|Any CPU
		{FD74CDD9-1E56-4611-92BE-EFDB9CB90E6E}.Debug|Any CPU.Build.0 = Debug|Any CPU
		{FD74CDD9-1E56-4611-92BE-EFDB9CB90E6E}.Release|Any CPU.ActiveCfg = Release|Any CPU
		{FD74CDD9-1E56-4611-92BE-EFDB9CB90E6E}.Release|Any CPU.Build.0 = Release|Any CPU
		{6BC09B6D-1FEA-4BE9-9316-7A2C03FFD6E5}.Debug|Any CPU.ActiveCfg = Debug|Any CPU
		{6BC09B6D-1FEA-4BE9-9316-7A2C03FFD6E5}.Debug|Any CPU.Build.0 = Debug|Any CPU
		{6BC09B6D-1FEA-4BE9-9316-7A2C03FFD6E5}.Release|Any CPU.ActiveCfg = Release|Any CPU
		{6BC09B6D-1FEA-4BE9-9316-7A2C03FFD6E5}.Release|Any CPU.Build.0 = Release|Any CPU
		{AB3159DD-8EF9-42C4-BAA8-E42C32A3206F}.Debug|Any CPU.ActiveCfg = Debug|Any CPU
		{AB3159DD-8EF9-42C4-BAA8-E42C32A3206F}.Debug|Any CPU.Build.0 = Debug|Any CPU
		{AB3159DD-8EF9-42C4-BAA8-E42C32A3206F}.Release|Any CPU.ActiveCfg = Release|Any CPU
		{AB3159DD-8EF9-42C4-BAA8-E42C32A3206F}.Release|Any CPU.Build.0 = Release|Any CPU
	EndGlobalSection
	GlobalSection(SolutionProperties) = preSolution
		HideSolutionNode = FALSE
	EndGlobalSection
	GlobalSection(NestedProjects) = preSolution
		{6CDB4F60-8A4B-413F-8E8F-7E413F8A49CF} = {55812DA6-F864-46A2-BB26-75FDD316109B}
		{C72E06D9-1606-4298-9CCF-3BFF22D3ABA0} = {706A43D8-1424-47F0-A6E9-6FCC3E58EF79}
		{706A43D8-1424-47F0-A6E9-6FCC3E58EF79} = {BF486FD4-2E21-40C9-8B4A-E4E55695DDDC}
		{82958C01-4DAD-4DBA-A8F4-1CB9E2D0874F} = {706A43D8-1424-47F0-A6E9-6FCC3E58EF79}
		{45EC69B3-74B6-4AA6-926D-D4F50DF2101F} = {706A43D8-1424-47F0-A6E9-6FCC3E58EF79}
		{3991DEFF-FADE-4F57-A1DA-9C222D88D22C} = {BF486FD4-2E21-40C9-8B4A-E4E55695DDDC}
		{FD74CDD9-1E56-4611-92BE-EFDB9CB90E6E} = {3991DEFF-FADE-4F57-A1DA-9C222D88D22C}
		{6BC09B6D-1FEA-4BE9-9316-7A2C03FFD6E5} = {3991DEFF-FADE-4F57-A1DA-9C222D88D22C}
		{AB3159DD-8EF9-42C4-BAA8-E42C32A3206F} = {3991DEFF-FADE-4F57-A1DA-9C222D88D22C}
	EndGlobalSection
	GlobalSection(ExtensibilityGlobals) = postSolution
		SolutionGuid = {F8E2AD97-6965-4125-ABFB-81066E152AFE}
	EndGlobalSection
EndGlobal
