
Microsoft Visual Studio Solution File, Format Version 12.00
# Visual Studio Version 16
VisualStudioVersion = 16.0.29728.190
MinimumVisualStudioVersion = 10.0.40219.1
Project("{2150E333-8FDC-42A3-9474-1A3956D46DE8}") = "Services", "Services", "{BF486FD4-2E21-40C9-8B4A-E4E55695DDDC}"
EndProject
Project("{9A19103F-16F7-4668-BE54-9A1E7A4F7556}") = "Users.Api", "Services\Users\Users.Api\Users.Api.csproj", "{C72E06D9-1606-4298-9CCF-3BFF22D3ABA0}"
EndProject
Project("{2150E333-8FDC-42A3-9474-1A3956D46DE8}") = "Users", "Users", "{706A43D8-1424-47F0-A6E9-6FCC3E58EF79}"
EndProject
Project("{9A19103F-16F7-4668-BE54-9A1E7A4F7556}") = "Users.Domain", "Services\Users\Users.Domain\Users.Domain.csproj", "{82958C01-4DAD-4DBA-A8F4-1CB9E2D0874F}"
EndProject
Project("{9A19103F-16F7-4668-BE54-9A1E7A4F7556}") = "Users.Dal", "Services\Users\Users.Dal\Users.Dal.csproj", "{45EC69B3-74B6-4AA6-926D-D4F50DF2101F}"
EndProject
Project("{E53339B2-1760-4266-BCC7-CA923CBCF16C}") = "docker-compose", "docker-compose.dcproj", "{F5A2D8BD-8DB2-4D9D-A0E5-83866DCD26FE}"
EndProject
Project("{2150E333-8FDC-42A3-9474-1A3956D46DE8}") = "Deliverables", "Deliverables", "{B96FCE7B-C032-41B4-80EF-38390E4F39DC}"
EndProject
Project("{9A19103F-16F7-4668-BE54-9A1E7A4F7556}") = "Deliverables.Api", "Services\Deliverables\Deliverables.Api\Deliverables.Api.csproj", "{6F629AB6-E988-46C4-99DE-2B2A967F0B86}"
EndProject
Project("{9A19103F-16F7-4668-BE54-9A1E7A4F7556}") = "Deliverables.Domain", "Services\Deliverables\Deliverables.Domain\Deliverables.Domain.csproj", "{BA038499-9153-4F73-ACE9-FDD47A3CB216}"
EndProject
Project("{9A19103F-16F7-4668-BE54-9A1E7A4F7556}") = "Deliverables.Dal", "Services\Deliverables\Deliverables.Dal\Deliverables.Dal.csproj", "{BBD36B43-299E-4693-B0C7-D3FDEFCF5700}"
EndProject
Project("{2150E333-8FDC-42A3-9474-1A3956D46DE8}") = "Tracking", "Tracking", "{B242FDFD-5976-4060-9469-A9B79013B7B7}"
EndProject
Project("{9A19103F-16F7-4668-BE54-9A1E7A4F7556}") = "Tracking.Api", "Services\Tracking\Tracking.Api\Tracking.Api.csproj", "{BD50E3B4-8EF4-45ED-B7F2-6B595092AF26}"
EndProject
Project("{2150E333-8FDC-42A3-9474-1A3956D46DE8}") = "Simulators", "Simulators", "{19B19699-FA76-4B0E-93DC-BA8BB211449C}"
EndProject
Project("{9A19103F-16F7-4668-BE54-9A1E7A4F7556}") = "MobileSimulator", "Simulators\MobileSimulator\MobileSimulator.csproj", "{1E45856C-5019-4AC1-8DAD-1C887759886F}"
EndProject
Global
	GlobalSection(SolutionConfigurationPlatforms) = preSolution
		Debug|Any CPU = Debug|Any CPU
		Release|Any CPU = Release|Any CPU
	EndGlobalSection
	GlobalSection(ProjectConfigurationPlatforms) = postSolution
		{C72E06D9-1606-4298-9CCF-3BFF22D3ABA0}.Debug|Any CPU.ActiveCfg = Debug|Any CPU
		{C72E06D9-1606-4298-9CCF-3BFF22D3ABA0}.Debug|Any CPU.Build.0 = Debug|Any CPU
		{C72E06D9-1606-4298-9CCF-3BFF22D3ABA0}.Release|Any CPU.ActiveCfg = Release|Any CPU
		{C72E06D9-1606-4298-9CCF-3BFF22D3ABA0}.Release|Any CPU.Build.0 = Release|Any CPU
		{82958C01-4DAD-4DBA-A8F4-1CB9E2D0874F}.Debug|Any CPU.ActiveCfg = Debug|Any CPU
		{82958C01-4DAD-4DBA-A8F4-1CB9E2D0874F}.Debug|Any CPU.Build.0 = Debug|Any CPU
		{82958C01-4DAD-4DBA-A8F4-1CB9E2D0874F}.Release|Any CPU.ActiveCfg = Release|Any CPU
		{82958C01-4DAD-4DBA-A8F4-1CB9E2D0874F}.Release|Any CPU.Build.0 = Release|Any CPU
		{45EC69B3-74B6-4AA6-926D-D4F50DF2101F}.Debug|Any CPU.ActiveCfg = Debug|Any CPU
		{45EC69B3-74B6-4AA6-926D-D4F50DF2101F}.Debug|Any CPU.Build.0 = Debug|Any CPU
		{45EC69B3-74B6-4AA6-926D-D4F50DF2101F}.Release|Any CPU.ActiveCfg = Release|Any CPU
		{45EC69B3-74B6-4AA6-926D-D4F50DF2101F}.Release|Any CPU.Build.0 = Release|Any CPU
		{F5A2D8BD-8DB2-4D9D-A0E5-83866DCD26FE}.Debug|Any CPU.ActiveCfg = Debug|Any CPU
		{F5A2D8BD-8DB2-4D9D-A0E5-83866DCD26FE}.Debug|Any CPU.Build.0 = Debug|Any CPU
		{F5A2D8BD-8DB2-4D9D-A0E5-83866DCD26FE}.Release|Any CPU.ActiveCfg = Release|Any CPU
		{F5A2D8BD-8DB2-4D9D-A0E5-83866DCD26FE}.Release|Any CPU.Build.0 = Release|Any CPU
		{6F629AB6-E988-46C4-99DE-2B2A967F0B86}.Debug|Any CPU.ActiveCfg = Debug|Any CPU
		{6F629AB6-E988-46C4-99DE-2B2A967F0B86}.Debug|Any CPU.Build.0 = Debug|Any CPU
		{6F629AB6-E988-46C4-99DE-2B2A967F0B86}.Release|Any CPU.ActiveCfg = Release|Any CPU
		{6F629AB6-E988-46C4-99DE-2B2A967F0B86}.Release|Any CPU.Build.0 = Release|Any CPU
		{BA038499-9153-4F73-ACE9-FDD47A3CB216}.Debug|Any CPU.ActiveCfg = Debug|Any CPU
		{BA038499-9153-4F73-ACE9-FDD47A3CB216}.Debug|Any CPU.Build.0 = Debug|Any CPU
		{BA038499-9153-4F73-ACE9-FDD47A3CB216}.Release|Any CPU.ActiveCfg = Release|Any CPU
		{BA038499-9153-4F73-ACE9-FDD47A3CB216}.Release|Any CPU.Build.0 = Release|Any CPU
		{BBD36B43-299E-4693-B0C7-D3FDEFCF5700}.Debug|Any CPU.ActiveCfg = Debug|Any CPU
		{BBD36B43-299E-4693-B0C7-D3FDEFCF5700}.Debug|Any CPU.Build.0 = Debug|Any CPU
		{BBD36B43-299E-4693-B0C7-D3FDEFCF5700}.Release|Any CPU.ActiveCfg = Release|Any CPU
		{BBD36B43-299E-4693-B0C7-D3FDEFCF5700}.Release|Any CPU.Build.0 = Release|Any CPU
		{BD50E3B4-8EF4-45ED-B7F2-6B595092AF26}.Debug|Any CPU.ActiveCfg = Debug|Any CPU
		{BD50E3B4-8EF4-45ED-B7F2-6B595092AF26}.Debug|Any CPU.Build.0 = Debug|Any CPU
		{BD50E3B4-8EF4-45ED-B7F2-6B595092AF26}.Release|Any CPU.ActiveCfg = Release|Any CPU
		{BD50E3B4-8EF4-45ED-B7F2-6B595092AF26}.Release|Any CPU.Build.0 = Release|Any CPU
		{1E45856C-5019-4AC1-8DAD-1C887759886F}.Debug|Any CPU.ActiveCfg = Debug|Any CPU
		{1E45856C-5019-4AC1-8DAD-1C887759886F}.Debug|Any CPU.Build.0 = Debug|Any CPU
		{1E45856C-5019-4AC1-8DAD-1C887759886F}.Release|Any CPU.ActiveCfg = Release|Any CPU
		{1E45856C-5019-4AC1-8DAD-1C887759886F}.Release|Any CPU.Build.0 = Release|Any CPU
	EndGlobalSection
	GlobalSection(SolutionProperties) = preSolution
		HideSolutionNode = FALSE
	EndGlobalSection
	GlobalSection(NestedProjects) = preSolution
		{C72E06D9-1606-4298-9CCF-3BFF22D3ABA0} = {706A43D8-1424-47F0-A6E9-6FCC3E58EF79}
		{706A43D8-1424-47F0-A6E9-6FCC3E58EF79} = {BF486FD4-2E21-40C9-8B4A-E4E55695DDDC}
		{82958C01-4DAD-4DBA-A8F4-1CB9E2D0874F} = {706A43D8-1424-47F0-A6E9-6FCC3E58EF79}
		{45EC69B3-74B6-4AA6-926D-D4F50DF2101F} = {706A43D8-1424-47F0-A6E9-6FCC3E58EF79}
		{B96FCE7B-C032-41B4-80EF-38390E4F39DC} = {BF486FD4-2E21-40C9-8B4A-E4E55695DDDC}
		{6F629AB6-E988-46C4-99DE-2B2A967F0B86} = {B96FCE7B-C032-41B4-80EF-38390E4F39DC}
		{BA038499-9153-4F73-ACE9-FDD47A3CB216} = {B96FCE7B-C032-41B4-80EF-38390E4F39DC}
		{BBD36B43-299E-4693-B0C7-D3FDEFCF5700} = {B96FCE7B-C032-41B4-80EF-38390E4F39DC}
		{B242FDFD-5976-4060-9469-A9B79013B7B7} = {BF486FD4-2E21-40C9-8B4A-E4E55695DDDC}
		{BD50E3B4-8EF4-45ED-B7F2-6B595092AF26} = {B242FDFD-5976-4060-9469-A9B79013B7B7}
		{1E45856C-5019-4AC1-8DAD-1C887759886F} = {19B19699-FA76-4B0E-93DC-BA8BB211449C}
	EndGlobalSection
	GlobalSection(ExtensibilityGlobals) = postSolution
		SolutionGuid = {F8E2AD97-6965-4125-ABFB-81066E152AFE}
	EndGlobalSection
EndGlobal
